
Microsoft Visual Studio Solution File, Format Version 12.00
# Visual Studio Version 17
VisualStudioVersion = 17.0.31903.59
MinimumVisualStudioVersion = 10.0.40219.1
Project("{2150E333-8FDC-42A3-9474-1A3956D46DE8}") = "src", "src", "{8286B628-C6CB-46A4-AAEA-1392430360CB}"
EndProject
Project("{2150E333-8FDC-42A3-9474-1A3956D46DE8}") = "main", "main", "{2D10B1B4-3F4C-42F7-B407-A9A7EAE6C3F0}"
EndProject
Project("{FAE04EC0-301F-11D3-BF4B-00C04F79EFBC}") = "dependent", "src\main\cs\dependent.csproj", "{5663470F-6798-4026-960E-F48A87DFC40E}"
EndProject
Global
	GlobalSection(SolutionConfigurationPlatforms) = preSolution
		Debug|Any CPU = Debug|Any CPU
		Release|Any CPU = Release|Any CPU
	EndGlobalSection
	GlobalSection(SolutionProperties) = preSolution
		HideSolutionNode = FALSE
	EndGlobalSection
	GlobalSection(ProjectConfigurationPlatforms) = postSolution
		{5663470F-6798-4026-960E-F48A87DFC40E}.Debug|Any CPU.ActiveCfg = Debug|Any CPU
		{5663470F-6798-4026-960E-F48A87DFC40E}.Debug|Any CPU.Build.0 = Debug|Any CPU
		{5663470F-6798-4026-960E-F48A87DFC40E}.Release|Any CPU.ActiveCfg = Release|Any CPU
		{5663470F-6798-4026-960E-F48A87DFC40E}.Release|Any CPU.Build.0 = Release|Any CPU
	EndGlobalSection
	GlobalSection(NestedProjects) = preSolution
		{2D10B1B4-3F4C-42F7-B407-A9A7EAE6C3F0} = {8286B628-C6CB-46A4-AAEA-1392430360CB}
		{5663470F-6798-4026-960E-F48A87DFC40E} = {2D10B1B4-3F4C-42F7-B407-A9A7EAE6C3F0}
	EndGlobalSection
EndGlobal
